
Microsoft Visual Studio Solution File, Format Version 12.00
# Visual Studio Version 17
VisualStudioVersion = 17.2.32505.173
MinimumVisualStudioVersion = 10.0.40219.1
Project("{9A19103F-16F7-4668-BE54-9A1E7A4F7556}") = "PoeFilterX", "PoeFilterX\PoeFilterX.csproj", "{4BA0B926-7BB2-4857-8373-C23B6FBEB5DE}"
	ProjectSection(ProjectDependencies) = postProject
		{249B3E6B-275A-4381-8BD5-9565ADEE2C59} = {249B3E6B-275A-4381-8BD5-9565ADEE2C59}
	EndProjectSection
EndProject
Project("{9A19103F-16F7-4668-BE54-9A1E7A4F7556}") = "PoeFilterX.Business", "PoeFilterX.Business\PoeFilterX.Business.csproj", "{249B3E6B-275A-4381-8BD5-9565ADEE2C59}"
EndProject
Project("{9A19103F-16F7-4668-BE54-9A1E7A4F7556}") = "PoeFilterX.Tests", "PoeFilterX.Tests\PoeFilterX.Tests.csproj", "{8AA5DB7A-42EA-4302-AB3B-5654503B37C2}"
	ProjectSection(ProjectDependencies) = postProject
		{249B3E6B-275A-4381-8BD5-9565ADEE2C59} = {249B3E6B-275A-4381-8BD5-9565ADEE2C59}
	EndProjectSection
EndProject
Project("{2150E333-8FDC-42A3-9474-1A3956D46DE8}") = "Solution Items", "Solution Items", "{8B45AAA0-EAC7-41B7-88D1-D676C25999E0}"
	ProjectSection(SolutionItems) = preProject
		.editorconfig = .editorconfig
		Manual-Install.ps1 = Manual-Install.ps1
		Release.ps1 = Release.ps1
		PoeFilterX\bin\Debug\net6.0\TestFilter.filter = PoeFilterX\bin\Debug\net6.0\TestFilter.filter
	EndProjectSection
EndProject
Project("{9A19103F-16F7-4668-BE54-9A1E7A4F7556}") = "PoeFilterX.WindowsInstaller", "PoeFilterX.WindowsInstaller\PoeFilterX.WindowsInstaller.csproj", "{92608140-442D-41B2-A874-FF62F87A301F}"
EndProject
Project("{9A19103F-16F7-4668-BE54-9A1E7A4F7556}") = "PoeFilterX.Common", "PoeFilterX.Common\PoeFilterX.Common.csproj", "{4CCF850D-0FC7-4475-9CB0-37535D7C9E23}"
EndProject
Project("{9092AA53-FB77-4645-B42D-1CCCA6BD08BD}") = "PoeFilterX.NPM", "PoeFilterX.NPM\PoeFilterX.NPM.njsproj", "{B22B809D-F26A-4CE8-89DA-BAA0F56103F6}"
EndProject
Global
	GlobalSection(SolutionConfigurationPlatforms) = preSolution
		Debug|Any CPU = Debug|Any CPU
		Release|Any CPU = Release|Any CPU
	EndGlobalSection
	GlobalSection(ProjectConfigurationPlatforms) = postSolution
		{4BA0B926-7BB2-4857-8373-C23B6FBEB5DE}.Debug|Any CPU.ActiveCfg = Debug|Any CPU
		{4BA0B926-7BB2-4857-8373-C23B6FBEB5DE}.Debug|Any CPU.Build.0 = Debug|Any CPU
		{4BA0B926-7BB2-4857-8373-C23B6FBEB5DE}.Release|Any CPU.ActiveCfg = Release|Any CPU
		{4BA0B926-7BB2-4857-8373-C23B6FBEB5DE}.Release|Any CPU.Build.0 = Release|Any CPU
		{249B3E6B-275A-4381-8BD5-9565ADEE2C59}.Debug|Any CPU.ActiveCfg = Debug|Any CPU
		{249B3E6B-275A-4381-8BD5-9565ADEE2C59}.Debug|Any CPU.Build.0 = Debug|Any CPU
		{249B3E6B-275A-4381-8BD5-9565ADEE2C59}.Release|Any CPU.ActiveCfg = Release|Any CPU
		{249B3E6B-275A-4381-8BD5-9565ADEE2C59}.Release|Any CPU.Build.0 = Release|Any CPU
		{8AA5DB7A-42EA-4302-AB3B-5654503B37C2}.Debug|Any CPU.ActiveCfg = Debug|Any CPU
		{8AA5DB7A-42EA-4302-AB3B-5654503B37C2}.Debug|Any CPU.Build.0 = Debug|Any CPU
		{8AA5DB7A-42EA-4302-AB3B-5654503B37C2}.Release|Any CPU.ActiveCfg = Release|Any CPU
		{8AA5DB7A-42EA-4302-AB3B-5654503B37C2}.Release|Any CPU.Build.0 = Release|Any CPU
		{92608140-442D-41B2-A874-FF62F87A301F}.Debug|Any CPU.ActiveCfg = Debug|Any CPU
		{92608140-442D-41B2-A874-FF62F87A301F}.Debug|Any CPU.Build.0 = Debug|Any CPU
		{92608140-442D-41B2-A874-FF62F87A301F}.Release|Any CPU.ActiveCfg = Release|Any CPU
		{92608140-442D-41B2-A874-FF62F87A301F}.Release|Any CPU.Build.0 = Release|Any CPU
		{4CCF850D-0FC7-4475-9CB0-37535D7C9E23}.Debug|Any CPU.ActiveCfg = Debug|Any CPU
		{4CCF850D-0FC7-4475-9CB0-37535D7C9E23}.Debug|Any CPU.Build.0 = Debug|Any CPU
		{4CCF850D-0FC7-4475-9CB0-37535D7C9E23}.Release|Any CPU.ActiveCfg = Release|Any CPU
		{4CCF850D-0FC7-4475-9CB0-37535D7C9E23}.Release|Any CPU.Build.0 = Release|Any CPU
		{B22B809D-F26A-4CE8-89DA-BAA0F56103F6}.Debug|Any CPU.ActiveCfg = Debug|Any CPU
		{B22B809D-F26A-4CE8-89DA-BAA0F56103F6}.Debug|Any CPU.Build.0 = Debug|Any CPU
		{B22B809D-F26A-4CE8-89DA-BAA0F56103F6}.Release|Any CPU.ActiveCfg = Release|Any CPU
		{B22B809D-F26A-4CE8-89DA-BAA0F56103F6}.Release|Any CPU.Build.0 = Release|Any CPU
	EndGlobalSection
	GlobalSection(SolutionProperties) = preSolution
		HideSolutionNode = FALSE
	EndGlobalSection
	GlobalSection(ExtensibilityGlobals) = postSolution
		SolutionGuid = {B834610E-8F71-4956-A30E-5444F6E3D659}
	EndGlobalSection
EndGlobal
